
Microsoft Visual Studio Solution File, Format Version 12.00
# Visual Studio 15
VisualStudioVersion = 15.0.27130.2010
MinimumVisualStudioVersion = 10.0.40219.1
Project("{9A19103F-16F7-4668-BE54-9A1E7A4F7556}") = "FrontierNotificationApp1", "FrontierNotificationApp1\FrontierNotificationApp1.csproj", "{FB4B09A4-3322-4DF5-B956-1806F4BC23E0}"
EndProject
Global
	GlobalSection(SolutionConfigurationPlatforms) = preSolution
		Debug|Any CPU = Debug|Any CPU
		Release|Any CPU = Release|Any CPU
	EndGlobalSection
	GlobalSection(ProjectConfigurationPlatforms) = postSolution
		{FB4B09A4-3322-4DF5-B956-1806F4BC23E0}.Debug|Any CPU.ActiveCfg = Debug|Any CPU
		{FB4B09A4-3322-4DF5-B956-1806F4BC23E0}.Debug|Any CPU.Build.0 = Debug|Any CPU
		{FB4B09A4-3322-4DF5-B956-1806F4BC23E0}.Release|Any CPU.ActiveCfg = Release|Any CPU
		{FB4B09A4-3322-4DF5-B956-1806F4BC23E0}.Release|Any CPU.Build.0 = Release|Any CPU
	EndGlobalSection
	GlobalSection(SolutionProperties) = preSolution
		HideSolutionNode = FALSE
	EndGlobalSection
	GlobalSection(ExtensibilityGlobals) = postSolution
		SolutionGuid = {1B3621D3-79C5-4EC3-8FA3-F3047C82DF8B}
	EndGlobalSection
EndGlobal
